Microsoft Visual Studio Solution File, Format Version 12.00
# Visual Studio Version 17
VisualStudioVersion = 17.5.2.0
MinimumVisualStudioVersion = 10.0.40219.1
Project("{FAE04EC0-301F-11D3-BF4B-00C04F79EFBC}") = "Indicadores", "Indicadores\Indicadores.csproj", "{0F08198F-27B9-DF16-B91B-799B0EAD35CA}"
EndProject
Global
	GlobalSection(SolutionConfigurationPlatforms) = preSolution
		Debug|Any CPU = Debug|Any CPU
		Release|Any CPU = Release|Any CPU
	EndGlobalSection
	GlobalSection(ProjectConfigurationPlatforms) = postSolution
		{0F08198F-27B9-DF16-B91B-799B0EAD35CA}.Debug|Any CPU.ActiveCfg = Debug|Any CPU
		{0F08198F-27B9-DF16-B91B-799B0EAD35CA}.Debug|Any CPU.Build.0 = Debug|Any CPU
		{0F08198F-27B9-DF16-B91B-799B0EAD35CA}.Release|Any CPU.ActiveCfg = Release|Any CPU
		{0F08198F-27B9-DF16-B91B-799B0EAD35CA}.Release|Any CPU.Build.0 = Release|Any CPU
	EndGlobalSection
	GlobalSection(SolutionProperties) = preSolution
		HideSolutionNode = FALSE
	EndGlobalSection
	GlobalSection(ExtensibilityGlobals) = postSolution
		SolutionGuid = {02413BBD-AE0F-4B0D-9934-3A7A63FDB912}
	EndGlobalSection
EndGlobal
