Microsoft Visual Studio Solution File, Format Version 12.00
# Visual Studio Version 17
VisualStudioVersion = 17.5.2.0
MinimumVisualStudioVersion = 10.0.40219.1
Project("{FAE04EC0-301F-11D3-BF4B-00C04F79EFBC}") = "Indicadores", "Indicadores.csproj", "{10A09828-9352-45A6-02B5-D130E0597DAF}"
EndProject
Global
	GlobalSection(SolutionConfigurationPlatforms) = preSolution
		Debug|Any CPU = Debug|Any CPU
		Release|Any CPU = Release|Any CPU
	EndGlobalSection
	GlobalSection(ProjectConfigurationPlatforms) = postSolution
		{10A09828-9352-45A6-02B5-D130E0597DAF}.Debug|Any CPU.ActiveCfg = Debug|Any CPU
		{10A09828-9352-45A6-02B5-D130E0597DAF}.Debug|Any CPU.Build.0 = Debug|Any CPU
		{10A09828-9352-45A6-02B5-D130E0597DAF}.Release|Any CPU.ActiveCfg = Release|Any CPU
		{10A09828-9352-45A6-02B5-D130E0597DAF}.Release|Any CPU.Build.0 = Release|Any CPU
	EndGlobalSection
	GlobalSection(SolutionProperties) = preSolution
		HideSolutionNode = FALSE
	EndGlobalSection
	GlobalSection(ExtensibilityGlobals) = postSolution
		SolutionGuid = {12A34E13-F38B-4D93-BF38-5ACD08E66DA6}
	EndGlobalSection
EndGlobal
